// !$*UTF8*$!
{
	archiveVersion = 1;
	classes = {
	};
	objectVersion = 46;
	objects = {

/* Begin PBXBuildFile section */
		5CEC7FB51DDEA92D00628AC7 /* AssetsPickerChecked@2x.png in Resources */ = {isa = PBXBuildFile; fileRef = 5CEC7FB21DDEA92D00628AC7 /* AssetsPickerChecked@2x.png */; };
		5CEC7FB61DDEA92D00628AC7 /* MSImagePickerController.m in Sources */ = {isa = PBXBuildFile; fileRef = 5CEC7FB41DDEA92D00628AC7 /* MSImagePickerController.m */; };
		5CF792A21DAA56D400078EA5 /* main.m in Sources */ = {isa = PBXBuildFile; fileRef = 5CF792A11DAA56D400078EA5 /* main.m */; };
		5CF792A51DAA56D500078EA5 /* AppDelegate.m in Sources */ = {isa = PBXBuildFile; fileRef = 5CF792A41DAA56D500078EA5 /* AppDelegate.m */; };
		5CF792A81DAA56D500078EA5 /* ViewController.m in Sources */ = {isa = PBXBuildFile; fileRef = 5CF792A71DAA56D500078EA5 /* ViewController.m */; };
		5CF792AB1DAA56D500078EA5 /* Main.storyboard in Resources */ = {isa = PBXBuildFile; fileRef = 5CF792A91DAA56D500078EA5 /* Main.storyboard */; };
		5CF792AD1DAA56D500078EA5 /* Assets.xcassets in Resources */ = {isa = PBXBuildFile; fileRef = 5CF792AC1DAA56D500078EA5 /* Assets.xcassets */; };
		5CF792B01DAA56D500078EA5 /* LaunchScreen.storyboard in Resources */ = {isa = PBXBuildFile; fileRef = 5CF792AE1DAA56D500078EA5 /* LaunchScreen.storyboard */; };
		CB784E4E9C351A53C0660F3D /* libPods-FSImage.a in Frameworks */ = {isa = PBXBuildFile; fileRef = FF3E8AA079793A852F537E98 /* libPods-FSImage.a */; };
/* End PBXBuildFile section */

/* Begin PBXFileReference section */
		5CEC7FB21DDEA92D00628AC7 /* AssetsPickerChecked@2x.png */ = {isa = PBXFileReference; lastKnownFileType = image.png; path = "AssetsPickerChecked@2x.png"; sourceTree = "<group>"; };
		5CEC7FB31DDEA92D00628AC7 /* MSImagePickerController.h */ = {isa = PBXFileReference; fileEncoding = 4; lastKnownFileType = sourcecode.c.h; path = MSImagePickerController.h; sourceTree = "<group>"; };
		5CEC7FB41DDEA92D00628AC7 /* MSImagePickerController.m */ = {isa = PBXFileReference; fileEncoding = 4; lastKnownFileType = sourcecode.c.objc; path = MSImagePickerController.m; sourceTree = "<group>"; };
		5CF7929D1DAA56D400078EA5 /* FSImage.app */ = {isa = PBXFileReference; explicitFileType = wrapper.application; includeInIndex = 0; path = FSImage.app; sourceTree = BUILT_PRODUCTS_DIR; };
		5CF792A11DAA56D400078EA5 /* main.m */ = {isa = PBXFileReference; lastKnownFileType = sourcecode.c.objc; path = main.m; sourceTree = "<group>"; };
		5CF792A31DAA56D500078EA5 /* AppDelegate.h */ = {isa = PBXFileReference; lastKnownFileType = sourcecode.c.h; path = AppDelegate.h; sourceTree = "<group>"; };
		5CF792A41DAA56D500078EA5 /* AppDelegate.m */ = {isa = PBXFileReference; lastKnownFileType = sourcecode.c.objc; path = AppDelegate.m; sourceTree = "<group>"; };
		5CF792A61DAA56D500078EA5 /* ViewController.h */ = {isa = PBXFileReference; lastKnownFileType = sourcecode.c.h; path = ViewController.h; sourceTree = "<group>"; };
		5CF792A71DAA56D500078EA5 /* ViewController.m */ = {isa = PBXFileReference; lastKnownFileType = sourcecode.c.objc; path = ViewController.m; sourceTree = "<group>"; };
		5CF792AA1DAA56D500078EA5 /* Base */ = {isa = PBXFileReference; lastKnownFileType = file.storyboard; name = Base; path = Base.lproj/Main.storyboard; sourceTree = "<group>"; };
		5CF792AC1DAA56D500078EA5 /* Assets.xcassets */ = {isa = PBXFileReference; lastKnownFileType = folder.assetcatalog; path = Assets.xcassets; sourceTree = "<group>"; };
		5CF792AF1DAA56D500078EA5 /* Base */ = {isa = PBXFileReference; lastKnownFileType = file.storyboard; name = Base; path = Base.lproj/LaunchScreen.storyboard; sourceTree = "<group>"; };
		5CF792B11DAA56D500078EA5 /* Info.plist */ = {isa = PBXFileReference; lastKnownFileType = text.plist.xml; path = Info.plist; sourceTree = "<group>"; };
		CDC0E45AD6C26A3E5C55FDE3 /* Pods-FSImage.release.xcconfig */ = {isa = PBXFileReference; includeInIndex = 1; lastKnownFileType = text.xcconfig; name = "Pods-FSImage.release.xcconfig"; path = "Pods/Target Support Files/Pods-FSImage/Pods-FSImage.release.xcconfig"; sourceTree = "<group>"; };
		E46497828C7E0979BAF71DA8 /* Pods-FSImage.debug.xcconfig */ = {isa = PBXFileReference; includeInIndex = 1; lastKnownFileType = text.xcconfig; name = "Pods-FSImage.debug.xcconfig"; path = "Pods/Target Support Files/Pods-FSImage/Pods-FSImage.debug.xcconfig"; sourceTree = "<group>"; };
		FF3E8AA079793A852F537E98 /* libPods-FSImage.a */ = {isa = PBXFileReference; explicitFileType = archive.ar; includeInIndex = 0; path = "libPods-FSImage.a"; sourceTree = BUILT_PRODUCTS_DIR; };
/* End PBXFileReference section */

/* Begin PBXFrameworksBuildPhase section */
		5CF7929A1DAA56D400078EA5 /* Frameworks */ = {
			isa = PBXFrameworksBuildPhase;
			buildActionMask = 2147483647;
			files = (
				CB784E4E9C351A53C0660F3D /* libPods-FSImage.a in Frameworks */,
			);
			runOnlyForDeploymentPostprocessing = 0;
		};
/* End PBXFrameworksBuildPhase section */

/* Begin PBXGroup section */
		5CEC7FB11DDEA92D00628AC7 /* MSImagePicker */ = {
			isa = PBXGroup;
			children = (
				5CEC7FB21DDEA92D00628AC7 /* AssetsPickerChecked@2x.png */,
				5CEC7FB31DDEA92D00628AC7 /* MSImagePickerController.h */,
				5CEC7FB41DDEA92D00628AC7 /* MSImagePickerController.m */,
			);
			path = MSImagePicker;
			sourceTree = SOURCE_ROOT;
		};
		5CF792941DAA56D400078EA5 = {
			isa = PBXGroup;
			children = (
				5CF7929F1DAA56D400078EA5 /* FSImage */,
				5CF7929E1DAA56D400078EA5 /* Products */,
				AEF490F548463A6CCFB82175 /* Pods */,
				631A580200E0EF5FFDD496EF /* Frameworks */,
			);
			sourceTree = "<group>";
		};
		5CF7929E1DAA56D400078EA5 /* Products */ = {
			isa = PBXGroup;
			children = (
				5CF7929D1DAA56D400078EA5 /* FSImage.app */,
			);
			name = Products;
			sourceTree = "<group>";
		};
		5CF7929F1DAA56D400078EA5 /* FSImage */ = {
			isa = PBXGroup;
			children = (
				5CEC7FB11DDEA92D00628AC7 /* MSImagePicker */,
				5CF792A31DAA56D500078EA5 /* AppDelegate.h */,
				5CF792A41DAA56D500078EA5 /* AppDelegate.m */,
				5CF792A61DAA56D500078EA5 /* ViewController.h */,
				5CF792A71DAA56D500078EA5 /* ViewController.m */,
				5CF792A91DAA56D500078EA5 /* Main.storyboard */,
				5CF792AC1DAA56D500078EA5 /* Assets.xcassets */,
				5CF792AE1DAA56D500078EA5 /* LaunchScreen.storyboard */,
				5CF792B11DAA56D500078EA5 /* Info.plist */,
				5CF792A01DAA56D400078EA5 /* Supporting Files */,
			);
			path = FSImage;
			sourceTree = "<group>";
		};
		5CF792A01DAA56D400078EA5 /* Supporting Files */ = {
			isa = PBXGroup;
			children = (
				5CF792A11DAA56D400078EA5 /* main.m */,
			);
			name = "Supporting Files";
			sourceTree = "<group>";
		};
		631A580200E0EF5FFDD496EF /* Frameworks */ = {
			isa = PBXGroup;
			children = (
				FF3E8AA079793A852F537E98 /* libPods-FSImage.a */,
			);
			name = Frameworks;
			sourceTree = "<group>";
		};
		AEF490F548463A6CCFB82175 /* Pods */ = {
			isa = PBXGroup;
			children = (
				E46497828C7E0979BAF71DA8 /* Pods-FSImage.debug.xcconfig */,
				CDC0E45AD6C26A3E5C55FDE3 /* Pods-FSImage.release.xcconfig */,
			);
			name = Pods;
			sourceTree = "<group>";
		};
/* End PBXGroup section */

/* Begin PBXNativeTarget section */
		5CF7929C1DAA56D400078EA5 /* FSImage */ = {
			isa = PBXNativeTarget;
			buildConfigurationList = 5CF792B41DAA56D500078EA5 /* Build configuration list for PBXNativeTarget "FSImage" */;
			buildPhases = (
				60FE061722A65300CCC64ED1 /* [CP] Check Pods Manifest.lock */,
				5CF792991DAA56D400078EA5 /* Sources */,
				5CF7929A1DAA56D400078EA5 /* Frameworks */,
				5CF7929B1DAA56D400078EA5 /* Resources */,
			);
			buildRules = (
			);
			dependencies = (
			);
			name = FSImage;
			productName = FSImage;
			productReference = 5CF7929D1DAA56D400078EA5 /* FSImage.app */;
			productType = "com.apple.product-type.application";
		};
/* End PBXNativeTarget section */

/* Begin PBXProject section */
		5CF792951DAA56D400078EA5 /* Project object */ = {
			isa = PBXProject;
			attributes = {
				LastUpgradeCheck = 0800;
				ORGANIZATIONNAME = guazi;
				TargetAttributes = {
					5CF7929C1DAA56D400078EA5 = {
						CreatedOnToolsVersion = 8.0;
						DevelopmentTeam = BL86JR5S2K;
						ProvisioningStyle = Automatic;
					};
				};
			};
			buildConfigurationList = 5CF792981DAA56D400078EA5 /* Build configuration list for PBXProject "FSImage" */;
			compatibilityVersion = "Xcode 3.2";
			developmentRegion = English;
			hasScannedForEncodings = 0;
			knownRegions = (
				en,
				Base,
			);
			mainGroup = 5CF792941DAA56D400078EA5;
			productRefGroup = 5CF7929E1DAA56D400078EA5 /* Products */;
			projectDirPath = "";
			projectRoot = "";
			targets = (
				5CF7929C1DAA56D400078EA5 /* FSImage */,
			);
		};
/* End PBXProject section */

/* Begin PBXResourcesBuildPhase section */
		5CF7929B1DAA56D400078EA5 /* Resources */ = {
			isa = PBXResourcesBuildPhase;
			buildActionMask = 2147483647;
			files = (
				5CF792B01DAA56D500078EA5 /* LaunchScreen.storyboard in Resources */,
				5CF792AD1DAA56D500078EA5 /* Assets.xcassets in Resources */,
				5CF792AB1DAA56D500078EA5 /* Main.storyboard in Resources */,
				5CEC7FB51DDEA92D00628AC7 /* AssetsPickerChecked@2x.png in Resources */,
			);
			runOnlyForDeploymentPostprocessing = 0;
		};
/* End PBXResourcesBuildPhase section */

/* Begin PBXShellScriptBuildPhase section */
		60FE061722A65300CCC64ED1 /* [CP] Check Pods Manifest.lock */ = {
			isa = PBXShellScriptBuildPhase;
			buildActionMask = 2147483647;
			files = (
			);
			inputFileListPaths = (
			);
			inputPaths = (
				"${PODS_PODFILE_DIR_PATH}/Podfile.lock",
				"${PODS_ROOT}/Manifest.lock",
			);
			name = "[CP] Check Pods Manifest.lock";
			outputFileListPaths = (
			);
			outputPaths = (
				"$(DERIVED_FILE_DIR)/Pods-FSImage-checkManifestLockResult.txt",
			);
			runOnlyForDeploymentPostprocessing = 0;
			shellPath = /bin/sh;
			shellScript = "diff \"${PODS_PODFILE_DIR_PATH}/Podfile.lock\" \"${PODS_ROOT}/Manifest.lock\" > /dev/null\nif [ $? != 0 ] ; then\n    # print error to STDERR\n    echo \"error: The sandbox is not in sync with the Podfile.lock. Run 'pod install' or update your CocoaPods installation.\" >&2\n    exit 1\nfi\n# This output is used by Xcode 'outputs' to avoid re-running this script phase.\necho \"SUCCESS\" > \"${SCRIPT_OUTPUT_FILE_0}\"\n";
			showEnvVarsInLog = 0;
		};
/* End PBXShellScriptBuildPhase section */

/* Begin PBXSourcesBuildPhase section */
		5CF792991DAA56D400078EA5 /* Sources */ = {
			isa = PBXSourcesBuildPhase;
			buildActionMask = 2147483647;
			files = (
				5CF792A81DAA56D500078EA5 /* ViewController.m in Sources */,
				5CF792A51DAA56D500078EA5 /* AppDelegate.m in Sources */,
				5CEC7FB61DDEA92D00628AC7 /* MSImagePickerController.m in Sources */,
				5CF792A21DAA56D400078EA5 /* main.m in Sources */,
			);
			runOnlyForDeploymentPostprocessing = 0;
		};
/* End PBXSourcesBuildPhase section */

/* Begin PBXVariantGroup section */
		5CF792A91DAA56D500078EA5 /* Main.storyboard */ = {
			isa = PBXVariantGroup;
			children = (
				5CF792AA1DAA56D500078EA5 /* Base */,
			);
			name = Main.storyboard;
			sourceTree = "<group>";
		};
		5CF792AE1DAA56D500078EA5 /* LaunchScreen.storyboard */ = {
			isa = PBXVariantGroup;
			children = (
				5CF792AF1DAA56D500078EA5 /* Base */,
			);
			name = LaunchScreen.storyboard;
			sourceTree = "<group>";
		};
/* End PBXVariantGroup section */

/* Begin XCBuildConfiguration section */
		5CF792B21DAA56D500078EA5 /* Debug */ = {
			isa = XCBuildConfiguration;
			buildSettings = {
				ALWAYS_SEARCH_USER_PATHS = NO;
				CLANG_ANALYZER_NONNULL = YES;
				CLANG_CXX_LANGUAGE_STANDARD = "gnu++0x";
				CLANG_CXX_LIBRARY = "libc++";
				CLANG_ENABLE_MODULES = YES;
				CLANG_ENABLE_OBJC_ARC = YES;
				CLANG_WARN_BOOL_CONVERSION = YES;
				CLANG_WARN_CONSTANT_CONVERSION = YES;
				CLANG_WARN_DIRECT_OBJC_ISA_USAGE = YES_ERROR;
				CLANG_WARN_DOCUMENTATION_COMMENTS = YES;
				CLANG_WARN_EMPTY_BODY = YES;
				CLANG_WARN_ENUM_CONVERSION = YES;
				CLANG_WARN_INFINITE_RECURSION = YES;
				CLANG_WARN_INT_CONVERSION = YES;
				CLANG_WARN_OBJC_ROOT_CLASS = YES_ERROR;
				CLANG_WARN_SUSPICIOUS_MOVES = YES;
				CLANG_WARN_UNREACHABLE_CODE = YES;
				CLANG_WARN__DUPLICATE_METHOD_MATCH = YES;
				"CODE_SIGN_IDENTITY[sdk=iphoneos*]" = "iPhone Developer";
				COPY_PHASE_STRIP = NO;
				DEBUG_INFORMATION_FORMAT = dwarf;
				ENABLE_STRICT_OBJC_MSGSEND = YES;
				ENABLE_TESTABILITY = YES;
				GCC_C_LANGUAGE_STANDARD = gnu99;
				GCC_DYNAMIC_NO_PIC = NO;
				GCC_NO_COMMON_BLOCKS = YES;
				GCC_OPTIMIZATION_LEVEL = 0;
				GCC_PREPROCESSOR_DEFINITIONS = (
					"DEBUG=1",
					"$(inherited)",
				);
				GCC_WARN_64_TO_32_BIT_CONVERSION = YES;
				GCC_WARN_ABOUT_RETURN_TYPE = YES_ERROR;
				GCC_WARN_UNDECLARED_SELECTOR = YES;
				GCC_WARN_UNINITIALIZED_AUTOS = YES_AGGRESSIVE;
				GCC_WARN_UNUSED_FUNCTION = YES;
				GCC_WARN_UNUSED_VARIABLE = YES;
				IPHONEOS_DEPLOYMENT_TARGET = 10.0;
				MTL_ENABLE_DEBUG_INFO = YES;
				ONLY_ACTIVE_ARCH = YES;
				SDKROOT = iphoneos;
			};
			name = Debug;
		};
		5CF792B31DAA56D500078EA5 /* Release */ = {
			isa = XCBuildConfiguration;
			buildSettings = {
				ALWAYS_SEARCH_USER_PATHS = NO;
				CLANG_ANALYZER_NONNULL = YES;
				CLANG_CXX_LANGUAGE_STANDARD = "gnu++0x";
				CLANG_CXX_LIBRARY = "libc++";
				CLANG_ENABLE_MODULES = YES;
				CLANG_ENABLE_OBJC_ARC = YES;
				CLANG_WARN_BOOL_CONVERSION = YES;
				CLANG_WARN_CONSTANT_CONVERSION = YES;
				CLANG_WARN_DIRECT_OBJC_ISA_USAGE = YES_ERROR;
				CLANG_WARN_DOCUMENTATION_COMMENTS = YES;
				CLANG_WARN_EMPTY_BODY = YES;
				CLANG_WARN_ENUM_CONVERSION = YES;
				CLANG_WARN_INFINITE_RECURSION = YES;
				CLANG_WARN_INT_CONVERSION = YES;
				CLANG_WARN_OBJC_ROOT_CLASS = YES_ERROR;
				CLANG_WARN_SUSPICIOUS_MOVES = YES;
				CLANG_WARN_UNREACHABLE_CODE = YES;
				CLANG_WARN__DUPLICATE_METHOD_MATCH = YES;
				"CODE_SIGN_IDENTITY[sdk=iphoneos*]" = "iPhone Developer";
				COPY_PHASE_STRIP = NO;
				DEBUG_INFORMATION_FORMAT = "dwarf-with-dsym";
				ENABLE_NS_ASSERTIONS = NO;
				ENABLE_STRICT_OBJC_MSGSEND = YES;
				GCC_C_LANGUAGE_STANDARD = gnu99;
				GCC_NO_COMMON_BLOCKS = YES;
				GCC_WARN_64_TO_32_BIT_CONVERSION = YES;
				GCC_WARN_ABOUT_RETURN_TYPE = YES_ERROR;
				GCC_WARN_UNDECLARED_SELECTOR = YES;
				GCC_WARN_UNINITIALIZED_AUTOS = YES_AGGRESSIVE;
				GCC_WARN_UNUSED_FUNCTION = YES;
				GCC_WARN_UNUSED_VARIABLE = YES;
				IPHONEOS_DEPLOYMENT_TARGET = 10.0;
				MTL_ENABLE_DEBUG_INFO = NO;
				SDKROOT = iphoneos;
				VALIDATE_PRODUCT = YES;
			};
			name = Release;
		};
		5CF792B51DAA56D500078EA5 /* Debug */ = {
			isa = XCBuildConfiguration;
			baseConfigurationReference = E46497828C7E0979BAF71DA8 /* Pods-FSImage.debug.xcconfig */;
			buildSettings = {
				ASSETCATALOG_COMPILER_APPICON_NAME = AppIcon;
				DEVELOPMENT_TEAM = BL86JR5S2K;
				INFOPLIST_FILE = FSImage/Info.plist;
				IPHONEOS_DEPLOYMENT_TARGET = 8.0;
				LD_RUNPATH_SEARCH_PATHS = "$(inherited) @executable_path/Frameworks";
				PRODUCT_BUNDLE_IDENTIFIER = guazi.FSImage;
				PRODUCT_NAME = "$(TARGET_NAME)";
			};
			name = Debug;
		};
		5CF792B61DAA56D500078EA5 /* Release */ = {
			isa = XCBuildConfiguration;
			baseConfigurationReference = CDC0E45AD6C26A3E5C55FDE3 /* Pods-FSImage.release.xcconfig */;
			buildSettings = {
				ASSETCATALOG_COMPILER_APPICON_NAME = AppIcon;
				DEVELOPMENT_TEAM = BL86JR5S2K;
				INFOPLIST_FILE = FSImage/Info.plist;
				IPHONEOS_DEPLOYMENT_TARGET = 8.0;
				LD_RUNPATH_SEARCH_PATHS = "$(inherited) @executable_path/Frameworks";
				PRODUCT_BUNDLE_IDENTIFIER = guazi.FSImage;
				PRODUCT_NAME = "$(TARGET_NAME)";
			};
			name = Release;
		};
/* End XCBuildConfiguration section */

/* Begin XCConfigurationList section */
		5CF792981DAA56D400078EA5 /* Build configuration list for PBXProject "FSImage" */ = {
			isa = XCConfigurationList;
			buildConfigurations = (
				5CF792B21DAA56D500078EA5 /* Debug */,
				5CF792B31DAA56D500078EA5 /* Release */,
			);
			defaultConfigurationIsVisible = 0;
			defaultConfigurationName = Release;
		};
		5CF792B41DAA56D500078EA5 /* Build configuration list for PBXNativeTarget "FSImage" */ = {
			isa = XCConfigurationList;
			buildConfigurations = (
				5CF792B51DAA56D500078EA5 /* Debug */,
				5CF792B61DAA56D500078EA5 /* Release */,
			);
			defaultConfigurationIsVisible = 0;
			defaultConfigurationName = Release;
		};
/* End XCConfigurationList section */
	};
	rootObject = 5CF792951DAA56D400078EA5 /* Project object */;
}
